
Microsoft Visual Studio Solution File, Format Version 12.00
# Visual Studio Version 17
VisualStudioVersion = 17.3.32811.315
MinimumVisualStudioVersion = 10.0.40219.1
Project("{9A19103F-16F7-4668-BE54-9A1E7A4F7556}") = "DataAccess", "DataAccess\DataAccess.csproj", "{2AA40563-47AD-4EFA-A0A6-A46385075C50}"
EndProject
Project("{9A19103F-16F7-4668-BE54-9A1E7A4F7556}") = "Business", "Business\Business.csproj", "{0DC1622D-71F8-4F4A-8726-5E85FA869ECD}"
EndProject
Project("{9A19103F-16F7-4668-BE54-9A1E7A4F7556}") = "Entities", "Entities\Entities.csproj", "{309F6E75-4C7E-4BCD-872F-C0D46F7AAA2E}"
EndProject
Project("{9A19103F-16F7-4668-BE54-9A1E7A4F7556}") = "Core", "Core\Core.csproj", "{8EA99B23-6B16-497A-848E-D1EC138D3256}"
EndProject
Project("{9A19103F-16F7-4668-BE54-9A1E7A4F7556}") = "WebAPI", "WebAPI\WebAPI.csproj", "{7E8106AA-A685-4B47-9AFD-511FA9E5696B}"
EndProject
Global
	GlobalSection(SolutionConfigurationPlatforms) = preSolution
		Debug|Any CPU = Debug|Any CPU
		Release|Any CPU = Release|Any CPU
	EndGlobalSection
	GlobalSection(ProjectConfigurationPlatforms) = postSolution
		{2AA40563-47AD-4EFA-A0A6-A46385075C50}.Debug|Any CPU.ActiveCfg = Debug|Any CPU
		{2AA40563-47AD-4EFA-A0A6-A46385075C50}.Debug|Any CPU.Build.0 = Debug|Any CPU
		{2AA40563-47AD-4EFA-A0A6-A46385075C50}.Release|Any CPU.ActiveCfg = Release|Any CPU
		{2AA40563-47AD-4EFA-A0A6-A46385075C50}.Release|Any CPU.Build.0 = Release|Any CPU
		{0DC1622D-71F8-4F4A-8726-5E85FA869ECD}.Debug|Any CPU.ActiveCfg = Debug|Any CPU
		{0DC1622D-71F8-4F4A-8726-5E85FA869ECD}.Debug|Any CPU.Build.0 = Debug|Any CPU
		{0DC1622D-71F8-4F4A-8726-5E85FA869ECD}.Release|Any CPU.ActiveCfg = Release|Any CPU
		{0DC1622D-71F8-4F4A-8726-5E85FA869ECD}.Release|Any CPU.Build.0 = Release|Any CPU
		{309F6E75-4C7E-4BCD-872F-C0D46F7AAA2E}.Debug|Any CPU.ActiveCfg = Debug|Any CPU
		{309F6E75-4C7E-4BCD-872F-C0D46F7AAA2E}.Debug|Any CPU.Build.0 = Debug|Any CPU
		{309F6E75-4C7E-4BCD-872F-C0D46F7AAA2E}.Release|Any CPU.ActiveCfg = Release|Any CPU
		{309F6E75-4C7E-4BCD-872F-C0D46F7AAA2E}.Release|Any CPU.Build.0 = Release|Any CPU
		{8EA99B23-6B16-497A-848E-D1EC138D3256}.Debug|Any CPU.ActiveCfg = Debug|Any CPU
		{8EA99B23-6B16-497A-848E-D1EC138D3256}.Debug|Any CPU.Build.0 = Debug|Any CPU
		{8EA99B23-6B16-497A-848E-D1EC138D3256}.Release|Any CPU.ActiveCfg = Release|Any CPU
		{8EA99B23-6B16-497A-848E-D1EC138D3256}.Release|Any CPU.Build.0 = Release|Any CPU
		{7E8106AA-A685-4B47-9AFD-511FA9E5696B}.Debug|Any CPU.ActiveCfg = Debug|Any CPU
		{7E8106AA-A685-4B47-9AFD-511FA9E5696B}.Debug|Any CPU.Build.0 = Debug|Any CPU
		{7E8106AA-A685-4B47-9AFD-511FA9E5696B}.Release|Any CPU.ActiveCfg = Release|Any CPU
		{7E8106AA-A685-4B47-9AFD-511FA9E5696B}.Release|Any CPU.Build.0 = Release|Any CPU
	EndGlobalSection
	GlobalSection(SolutionProperties) = preSolution
		HideSolutionNode = FALSE
	EndGlobalSection
	GlobalSection(ExtensibilityGlobals) = postSolution
		SolutionGuid = {3B1861B4-6133-4DD1-82E3-961602EDEB0D}
	EndGlobalSection
EndGlobal
